
Microsoft Visual Studio Solution File, Format Version 12.00
# Visual Studio Version 17
VisualStudioVersion = 17.9.34728.123
MinimumVisualStudioVersion = 10.0.40219.1
Project("{FAE04EC0-301F-11D3-BF4B-00C04F79EFBC}") = "PCCO104L.Activity7_QUIAMBAO", "PCCO104L.Activity7_QUIAMBAO\PCCO104L.Activity7_QUIAMBAO.csproj", "{754CA8C6-FD9A-4719-9AEC-0FE9D024FA47}"
EndProject
Global
	GlobalSection(SolutionConfigurationPlatforms) = preSolution
		Debug|Any CPU = Debug|Any CPU
		Release|Any CPU = Release|Any CPU
	EndGlobalSection
	GlobalSection(ProjectConfigurationPlatforms) = postSolution
		{754CA8C6-FD9A-4719-9AEC-0FE9D024FA47}.Debug|Any CPU.ActiveCfg = Debug|Any CPU
		{754CA8C6-FD9A-4719-9AEC-0FE9D024FA47}.Debug|Any CPU.Build.0 = Debug|Any CPU
		{754CA8C6-FD9A-4719-9AEC-0FE9D024FA47}.Release|Any CPU.ActiveCfg = Release|Any CPU
		{754CA8C6-FD9A-4719-9AEC-0FE9D024FA47}.Release|Any CPU.Build.0 = Release|Any CPU
	EndGlobalSection
	GlobalSection(SolutionProperties) = preSolution
		HideSolutionNode = FALSE
	EndGlobalSection
	GlobalSection(ExtensibilityGlobals) = postSolution
		SolutionGuid = {183247BD-9CCC-4A0C-864F-4B70CAE817F1}
	EndGlobalSection
EndGlobal
